<?xml version="1.0" encoding="utf-8"?>
<Project ToolsVersion="4.0" xmlns="http://schemas.microsoft.com/developer/msbuild/2003">
  <ItemGroup>
    <Filter Include="Quelldateien">
      <UniqueIdentifier>{4FC737F1-C7A5-4376-A066-2A32D752A2FF}</UniqueIdentifier>
      <Extensions>cpp;c;cc;cxx;c++;cppm;ixx;def;odl;idl;hpj;bat;asm;asmx</Extensions>
    </Filter>
    <Filter Include="Headerdateien">
      <UniqueIdentifier>{93995380-89BD-4b04-88EB-625FBE52EBFB}</UniqueIdentifier>
      <Extensions>h;hh;hpp;hxx;h++;hm;inl;inc;ipp;xsd</Extensions>
    </Filter>
    <Filter Include="Ressourcendateien">
      <UniqueIdentifier>{67DA6AB6-F800-4c08-8B7A-83BB121AAD01}</UniqueIdentifier>
      <Extensions>rc;ico;cur;bmp;dlg;rc2;rct;bin;rgs;gif;jpg;jpeg;jpe;resx;tiff;tif;png;wav;mfcribbon-ms</Extensions>
    </Filter>
  </ItemGroup>
  <ItemGroup>
    <ClCompile Include="loader.cpp">
      <Filter>Quelldateien</Filter>
    </ClCompile>
    <ClCompile Include="srv\server.cpp">
      <Filter>Quelldateien</Filter>
    </ClCompile>
    <ClCompile Include="internal\roblox\scheduler\scheduler.cpp">
      <Filter>Quelldateien</Filter>
    </ClCompile>
    <ClCompile Include="internal\execution\execution.cpp">
      <Filter>Quelldateien</Filter>
    </ClCompile>
    <ClCompile Include="internal\env\env.cpp">
      <Filter>Quelldateien</Filter>
    </ClCompile>
    <ClCompile Include="internal\env\yield\yield.cpp">
      <Filter>Quelldateien</Filter>
    </ClCompile>
    <ClCompile Include="dependencies\cpr\src\cookies.cpp">
      <Filter>Quelldateien</Filter>
    </ClCompile>
    <ClCompile Include="dependencies\cpr\src\auth.cpp">
      <Filter>Quelldateien</Filter>
    </ClCompile>
    <ClCompile Include="dependencies\cpr\src\cprtypes.cpp">
      <Filter>Quelldateien</Filter>
    </ClCompile>
    <ClCompile Include="dependencies\cpr\src\digest.cpp">
      <Filter>Quelldateien</Filter>
    </ClCompile>
    <ClCompile Include="dependencies\cpr\src\error.cpp">
      <Filter>Quelldateien</Filter>
    </ClCompile>
    <ClCompile Include="dependencies\cpr\src\multipart.cpp">
      <Filter>Quelldateien</Filter>
    </ClCompile>
    <ClCompile Include="dependencies\cpr\src\parameters.cpp">
      <Filter>Quelldateien</Filter>
    </ClCompile>
    <ClCompile Include="dependencies\cpr\src\payload.cpp">
      <Filter>Quelldateien</Filter>
    </ClCompile>
    <ClCompile Include="dependencies\cpr\src\proxies.cpp">
      <Filter>Quelldateien</Filter>
    </ClCompile>
    <ClCompile Include="dependencies\cpr\src\session.cpp">
      <Filter>Quelldateien</Filter>
    </ClCompile>
    <ClCompile Include="dependencies\cpr\src\ssl_options.cpp">
      <Filter>Quelldateien</Filter>
    </ClCompile>
    <ClCompile Include="dependencies\cpr\src\timeout.cpp">
      <Filter>Quelldateien</Filter>
    </ClCompile>
    <ClCompile Include="dependencies\cpr\src\util.cpp">
      <Filter>Quelldateien</Filter>
    </ClCompile>
    <ClCompile Include="internal\env\helpers\bytecode\bytecode.cpp">
      <Filter>Quelldateien</Filter>
    </ClCompile>
    <ClCompile Include="dependencies\blake3\blake3.c">
      <Filter>Quelldateien</Filter>
    </ClCompile>
    <ClCompile Include="dependencies\blake3\blake3_dispatch.c">
      <Filter>Quelldateien</Filter>
    </ClCompile>
    <ClCompile Include="dependencies\blake3\blake3_portable.c">
      <Filter>Quelldateien</Filter>
    </ClCompile>
    <ClCompile Include="internal\env\libs\script.hpp">
      <Filter>Quelldateien</Filter>
    </ClCompile>
    <ClCompile Include="internal\env\libs\filesys.hpp">
      <Filter>Quelldateien</Filter>
    </ClCompile>
    <ClCompile Include="internal\roblox\offsets\helpers\luauhelper.hpp">
      <Filter>Quelldateien</Filter>
    </ClCompile>
    <ClCompile Include="internal\env\libs\debug.hpp">
      <Filter>Quelldateien</Filter>
    </ClCompile>
    <ClCompile Include="internal\env\libs\metatable.hpp">
      <Filter>Quelldateien</Filter>
    </ClCompile>
    <ClCompile Include="internal\env\libs\cache.hpp">
      <Filter>Quelldateien</Filter>
    </ClCompile>
    <ClCompile Include="internal\env\libs\instance.hpp">
      <Filter>Quelldateien</Filter>
    </ClCompile>
    <ClCompile Include="dependencies\lz4\lz4.c">
      <Filter>Quelldateien</Filter>
    </ClCompile>
    <ClCompile Include="internal\misc\includes\includes.hpp">
      <Filter>Quelldateien</Filter>
    </ClCompile>
    <ClCompile Include="dependencies\CryptLibrary\base64.cpp">
      <Filter>Quelldateien</Filter>
    </ClCompile>
    <ClCompile Include="dependencies\Luau\Ast\src\Allocator.cpp">
      <Filter>Quelldateien</Filter>
    </ClCompile>
    <ClCompile Include="dependencies\Luau\Ast\src\Ast.cpp">
      <Filter>Quelldateien</Filter>
    </ClCompile>
    <ClCompile Include="dependencies\Luau\Ast\src\Confusables.cpp">
      <Filter>Quelldateien</Filter>
    </ClCompile>
    <ClCompile Include="dependencies\Luau\Ast\src\Cst.cpp">
      <Filter>Quelldateien</Filter>
    </ClCompile>
    <ClCompile Include="dependencies\Luau\Ast\src\Lexer.cpp">
      <Filter>Quelldateien</Filter>
    </ClCompile>
    <ClCompile Include="dependencies\Luau\Ast\src\Location.cpp">
      <Filter>Quelldateien</Filter>
    </ClCompile>
    <ClCompile Include="dependencies\Luau\Ast\src\Parser.cpp">
      <Filter>Quelldateien</Filter>
    </ClCompile>
    <ClCompile Include="dependencies\Luau\Ast\src\PrettyPrinter.cpp">
      <Filter>Quelldateien</Filter>
    </ClCompile>
    <ClCompile Include="dependencies\Luau\Common\src\StringUtils.cpp">
      <Filter>Quelldateien</Filter>
    </ClCompile>
    <ClCompile Include="dependencies\Luau\Common\src\TimeTrace.cpp">
      <Filter>Quelldateien</Filter>
    </ClCompile>
    <ClCompile Include="dependencies\Luau\Compiler\src\BuiltinFolding.cpp">
      <Filter>Quelldateien</Filter>
    </ClCompile>
    <ClCompile Include="dependencies\Luau\Compiler\src\Builtins.cpp">
      <Filter>Quelldateien</Filter>
    </ClCompile>
    <ClCompile Include="dependencies\Luau\Compiler\src\BytecodeBuilder.cpp">
      <Filter>Quelldateien</Filter>
    </ClCompile>
    <ClCompile Include="dependencies\Luau\Compiler\src\Compiler.cpp">
      <Filter>Quelldateien</Filter>
    </ClCompile>
    <ClCompile Include="dependencies\Luau\Compiler\src\ConstantFolding.cpp">
      <Filter>Quelldateien</Filter>
    </ClCompile>
    <ClCompile Include="dependencies\Luau\Compiler\src\CostModel.cpp">
      <Filter>Quelldateien</Filter>
    </ClCompile>
    <ClCompile Include="dependencies\Luau\Compiler\src\lcode.cpp">
      <Filter>Quelldateien</Filter>
    </ClCompile>
    <ClCompile Include="dependencies\Luau\Compiler\src\TableShape.cpp">
      <Filter>Quelldateien</Filter>
    </ClCompile>
    <ClCompile Include="dependencies\Luau\Compiler\src\Types.cpp">
      <Filter>Quelldateien</Filter>
    </ClCompile>
    <ClCompile Include="dependencies\Luau\Compiler\src\ValueTracking.cpp">
      <Filter>Quelldateien</Filter>
    </ClCompile>
    <ClCompile Include="dependencies\Luau\VM\src\lapi.cpp">
      <Filter>Quelldateien</Filter>
    </ClCompile>
    <ClCompile Include="dependencies\Luau\VM\src\laux.cpp">
      <Filter>Quelldateien</Filter>
    </ClCompile>
    <ClCompile Include="dependencies\Luau\VM\src\lbaselib.cpp">
      <Filter>Quelldateien</Filter>
    </ClCompile>
    <ClCompile Include="dependencies\Luau\VM\src\lbitlib.cpp">
      <Filter>Quelldateien</Filter>
    </ClCompile>
    <ClCompile Include="dependencies\Luau\VM\src\lbuffer.cpp">
      <Filter>Quelldateien</Filter>
    </ClCompile>
    <ClCompile Include="dependencies\Luau\VM\src\lbuflib.cpp">
      <Filter>Quelldateien</Filter>
    </ClCompile>
    <ClCompile Include="dependencies\Luau\VM\src\lbuiltins.cpp">
      <Filter>Quelldateien</Filter>
    </ClCompile>
    <ClCompile Include="dependencies\Luau\VM\src\lcorolib.cpp">
      <Filter>Quelldateien</Filter>
    </ClCompile>
    <ClCompile Include="dependencies\Luau\VM\src\ldblib.cpp">
      <Filter>Quelldateien</Filter>
    </ClCompile>
    <ClCompile Include="dependencies\Luau\VM\src\ldebug.cpp">
      <Filter>Quelldateien</Filter>
    </ClCompile>
    <ClCompile Include="dependencies\Luau\VM\src\ldo.cpp">
      <Filter>Quelldateien</Filter>
    </ClCompile>
    <ClCompile Include="dependencies\Luau\VM\src\lfunc.cpp">
      <Filter>Quelldateien</Filter>
    </ClCompile>
    <ClCompile Include="dependencies\Luau\VM\src\lgc.cpp">
      <Filter>Quelldateien</Filter>
    </ClCompile>
    <ClCompile Include="dependencies\Luau\VM\src\lgcdebug.cpp">
      <Filter>Quelldateien</Filter>
    </ClCompile>
    <ClCompile Include="dependencies\Luau\VM\src\linit.cpp">
      <Filter>Quelldateien</Filter>
    </ClCompile>
    <ClCompile Include="dependencies\Luau\VM\src\lmathlib.cpp">
      <Filter>Quelldateien</Filter>
    </ClCompile>
    <ClCompile Include="dependencies\Luau\VM\src\lmem.cpp">
      <Filter>Quelldateien</Filter>
    </ClCompile>
    <ClCompile Include="dependencies\Luau\VM\src\lnumprint.cpp">
      <Filter>Quelldateien</Filter>
    </ClCompile>
    <ClCompile Include="dependencies\Luau\VM\src\lobject.cpp">
      <Filter>Quelldateien</Filter>
    </ClCompile>
    <ClCompile Include="dependencies\Luau\VM\src\loslib.cpp">
      <Filter>Quelldateien</Filter>
    </ClCompile>
    <ClCompile Include="dependencies\Luau\VM\src\lperf.cpp">
      <Filter>Quelldateien</Filter>
    </ClCompile>
    <ClCompile Include="dependencies\Luau\VM\src\lstate.cpp">
      <Filter>Quelldateien</Filter>
    </ClCompile>
    <ClCompile Include="dependencies\Luau\VM\src\lstring.cpp">
      <Filter>Quelldateien</Filter>
    </ClCompile>
    <ClCompile Include="dependencies\Luau\VM\src\lstrlib.cpp">
      <Filter>Quelldateien</Filter>
    </ClCompile>
    <ClCompile Include="dependencies\Luau\VM\src\ltable.cpp">
      <Filter>Quelldateien</Filter>
    </ClCompile>
    <ClCompile Include="dependencies\Luau\VM\src\ltablib.cpp">
      <Filter>Quelldateien</Filter>
    </ClCompile>
    <ClCompile Include="dependencies\Luau\VM\src\ltm.cpp">
      <Filter>Quelldateien</Filter>
    </ClCompile>
    <ClCompile Include="dependencies\Luau\VM\src\ludata.cpp">
      <Filter>Quelldateien</Filter>
    </ClCompile>
    <ClCompile Include="dependencies\Luau\VM\src\lutf8lib.cpp">
      <Filter>Quelldateien</Filter>
    </ClCompile>
    <ClCompile Include="dependencies\Luau\VM\src\lveclib.cpp">
      <Filter>Quelldateien</Filter>
    </ClCompile>
    <ClCompile Include="dependencies\Luau\VM\src\lvmexecute.cpp">
      <Filter>Quelldateien</Filter>
    </ClCompile>
    <ClCompile Include="dependencies\Luau\VM\src\lvmload.cpp">
      <Filter>Quelldateien</Filter>
    </ClCompile>
    <ClCompile Include="dependencies\Luau\VM\src\lvmutils.cpp">
      <Filter>Quelldateien</Filter>
    </ClCompile>
  </ItemGroup>
  <ItemGroup>
    <ClInclude Include="internal\roblox\offsets\encs.hpp">
      <Filter>Headerdateien</Filter>
    </ClInclude>
    <ClInclude Include="internal\roblox\offsets\offsets.hpp">
      <Filter>Headerdateien</Filter>
    </ClInclude>
    <ClInclude Include="internal\roblox\offsets\helpers\encshelper.hpp">
      <Filter>Headerdateien</Filter>
    </ClInclude>
    <ClInclude Include="srv\server.hpp">
      <Filter>Headerdateien</Filter>
    </ClInclude>
    <ClInclude Include="internal\roblox\scheduler\scheduler.hpp">
      <Filter>Headerdateien</Filter>
    </ClInclude>
    <ClInclude Include="internal\globals.hpp">
      <Filter>Headerdateien</Filter>
    </ClInclude>
    <ClInclude Include="internal\execution\execution.hpp">
      <Filter>Headerdateien</Filter>
    </ClInclude>
    <ClInclude Include="internal\utils.hpp">
      <Filter>Headerdateien</Filter>
    </ClInclude>
    <ClInclude Include="internal\env\env.hpp">
      <Filter>Headerdateien</Filter>
    </ClInclude>
    <ClInclude Include="internal\env\libs\miscellaneous.hpp">
      <Filter>Headerdateien</Filter>
    </ClInclude>
    <ClInclude Include="internal\env\libs\http.hpp">
      <Filter>Headerdateien</Filter>
    </ClInclude>
    <ClInclude Include="internal\env\yield\yield.hpp">
      <Filter>Headerdateien</Filter>
    </ClInclude>
    <ClInclude Include="dependencies\cpr\include\cpr\api.h">
      <Filter>Headerdateien</Filter>
    </ClInclude>
    <ClInclude Include="dependencies\cpr\include\cpr\auth.h">
      <Filter>Headerdateien</Filter>
    </ClInclude>
    <ClInclude Include="dependencies\cpr\include\cpr\body.h">
      <Filter>Headerdateien</Filter>
    </ClInclude>
    <ClInclude Include="dependencies\cpr\include\cpr\cookies.h">
      <Filter>Headerdateien</Filter>
    </ClInclude>
    <ClInclude Include="dependencies\cpr\include\cpr\cpr.h">
      <Filter>Headerdateien</Filter>
    </ClInclude>
    <ClInclude Include="dependencies\cpr\include\cpr\cprtypes.h">
      <Filter>Headerdateien</Filter>
    </ClInclude>
    <ClInclude Include="dependencies\cpr\include\cpr\curlholder.h">
      <Filter>Headerdateien</Filter>
    </ClInclude>
    <ClInclude Include="dependencies\cpr\include\cpr\defines.h">
      <Filter>Headerdateien</Filter>
    </ClInclude>
    <ClInclude Include="dependencies\cpr\include\cpr\digest.h">
      <Filter>Headerdateien</Filter>
    </ClInclude>
    <ClInclude Include="dependencies\cpr\include\cpr\error.h">
      <Filter>Headerdateien</Filter>
    </ClInclude>
    <ClInclude Include="dependencies\cpr\include\cpr\HttpStatus.hpp">
      <Filter>Headerdateien</Filter>
    </ClInclude>
    <ClInclude Include="dependencies\cpr\include\cpr\low_speed.h">
      <Filter>Headerdateien</Filter>
    </ClInclude>
    <ClInclude Include="dependencies\cpr\include\cpr\max_redirects.h">
      <Filter>Headerdateien</Filter>
    </ClInclude>
    <ClInclude Include="dependencies\cpr\include\cpr\multipart.h">
      <Filter>Headerdateien</Filter>
    </ClInclude>
    <ClInclude Include="dependencies\cpr\include\cpr\parameters.h">
      <Filter>Headerdateien</Filter>
    </ClInclude>
    <ClInclude Include="dependencies\cpr\include\cpr\payload.h">
      <Filter>Headerdateien</Filter>
    </ClInclude>
    <ClInclude Include="dependencies\cpr\include\cpr\proxies.h">
      <Filter>Headerdateien</Filter>
    </ClInclude>
    <ClInclude Include="dependencies\cpr\include\cpr\response.h">
      <Filter>Headerdateien</Filter>
    </ClInclude>
    <ClInclude Include="dependencies\cpr\include\cpr\session.h">
      <Filter>Headerdateien</Filter>
    </ClInclude>
    <ClInclude Include="dependencies\cpr\include\cpr\ssl_options.h">
      <Filter>Headerdateien</Filter>
    </ClInclude>
    <ClInclude Include="dependencies\cpr\include\cpr\timeout.h">
      <Filter>Headerdateien</Filter>
    </ClInclude>
    <ClInclude Include="dependencies\cpr\include\cpr\util.h">
      <Filter>Headerdateien</Filter>
    </ClInclude>
    <ClInclude Include="dependencies\nlohmann\json_fwd.hpp">
      <Filter>Headerdateien</Filter>
    </ClInclude>
    <ClInclude Include="dependencies\nlohmann\json.hpp">
      <Filter>Headerdateien</Filter>
    </ClInclude>
    <ClInclude Include="dependencies\curl\include\curl\curl.h">
      <Filter>Headerdateien</Filter>
    </ClInclude>
    <ClInclude Include="dependencies\curl\include\curl\curlver.h">
      <Filter>Headerdateien</Filter>
    </ClInclude>
    <ClInclude Include="dependencies\curl\include\curl\easy.h">
      <Filter>Headerdateien</Filter>
    </ClInclude>
    <ClInclude Include="dependencies\curl\include\curl\header.h">
      <Filter>Headerdateien</Filter>
    </ClInclude>
    <ClInclude Include="dependencies\curl\include\curl\mprintf.h">
      <Filter>Headerdateien</Filter>
    </ClInclude>
    <ClInclude Include="dependencies\curl\include\curl\multi.h">
      <Filter>Headerdateien</Filter>
    </ClInclude>
    <ClInclude Include="dependencies\curl\include\curl\options.h">
      <Filter>Headerdateien</Filter>
    </ClInclude>
    <ClInclude Include="dependencies\curl\include\curl\stdcheaders.h">
      <Filter>Headerdateien</Filter>
    </ClInclude>
    <ClInclude Include="dependencies\curl\include\curl\system.h">
      <Filter>Headerdateien</Filter>
    </ClInclude>
    <ClInclude Include="dependencies\curl\include\curl\typecheck-gcc.h">
      <Filter>Headerdateien</Filter>
    </ClInclude>
    <ClInclude Include="dependencies\curl\include\curl\urlapi.h">
      <Filter>Headerdateien</Filter>
    </ClInclude>
    <ClInclude Include="dependencies\curl\include\curl\websockets.h">
      <Filter>Headerdateien</Filter>
    </ClInclude>
    <ClInclude Include="internal\env\libs\closures.hpp">
      <Filter>Headerdateien</Filter>
    </ClInclude>
    <ClInclude Include="internal\env\helpers\bytecode\bytecode.hpp">
      <Filter>Headerdateien</Filter>
    </ClInclude>
    <ClInclude Include="dependencies\zstd\include\zstd\xxhash.h">
      <Filter>Headerdateien</Filter>
    </ClInclude>
    <ClInclude Include="dependencies\zstd\include\zstd\zstd.h">
      <Filter>Headerdateien</Filter>
    </ClInclude>
    <ClInclude Include="internal\env\libs\signals.hpp">
      <Filter>Headerdateien</Filter>
    </ClInclude>
    <ClInclude Include="dependencies\lz4\lz4.h">
      <Filter>Headerdateien</Filter>
    </ClInclude>
    <ClInclude Include="internal\env\libs\crypt.hpp">
      <Filter>Headerdateien</Filter>
    </ClInclude>
    <ClInclude Include="dependencies\CryptLibrary\base64.h">
      <Filter>Headerdateien</Filter>
    </ClInclude>
    <ClInclude Include="dependencies\CryptLibrary\enc_utils.h">
      <Filter>Headerdateien</Filter>
    </ClInclude>
    <ClInclude Include="dependencies\CryptLibrary\force_inline.h">
      <Filter>Headerdateien</Filter>
    </ClInclude>
    <ClInclude Include="dependencies\CryptLibrary\keccak.h">
      <Filter>Headerdateien</Filter>
    </ClInclude>
    <ClInclude Include="dependencies\CryptLibrary\md5.h">
      <Filter>Headerdateien</Filter>
    </ClInclude>
    <ClInclude Include="dependencies\CryptLibrary\sha1.h">
      <Filter>Headerdateien</Filter>
    </ClInclude>
    <ClInclude Include="dependencies\CryptLibrary\sha3_224.h">
      <Filter>Headerdateien</Filter>
    </ClInclude>
    <ClInclude Include="dependencies\CryptLibrary\sha3_256.h">
      <Filter>Headerdateien</Filter>
    </ClInclude>
    <ClInclude Include="dependencies\CryptLibrary\sha3_384.h">
      <Filter>Headerdateien</Filter>
    </ClInclude>
    <ClInclude Include="dependencies\CryptLibrary\sha3_512.h">
      <Filter>Headerdateien</Filter>
    </ClInclude>
    <ClInclude Include="dependencies\CryptLibrary\sha224.h">
      <Filter>Headerdateien</Filter>
    </ClInclude>
    <ClInclude Include="dependencies\CryptLibrary\sha256.h">
      <Filter>Headerdateien</Filter>
    </ClInclude>
    <ClInclude Include="dependencies\CryptLibrary\sha384.h">
      <Filter>Headerdateien</Filter>
    </ClInclude>
    <ClInclude Include="dependencies\CryptLibrary\sha512.h">
      <Filter>Headerdateien</Filter>
    </ClInclude>
    <ClInclude Include="dependencies\CryptLibrary\skCrypter.h">
      <Filter>Headerdateien</Filter>
    </ClInclude>
    <ClInclude Include="dependencies\CryptLibrary\sponge.h">
      <Filter>Headerdateien</Filter>
    </ClInclude>
    <ClInclude Include="dependencies\CryptLibrary\Xor.h">
      <Filter>Headerdateien</Filter>
    </ClInclude>
    <ClInclude Include="internal\env\libs\system.hpp">
      <Filter>Headerdateien</Filter>
    </ClInclude>
    <ClInclude Include="internal\env\libs\websocket.hpp">
      <Filter>Headerdateien</Filter>
    </ClInclude>
    <ClInclude Include="internal\env\helpers\decompiler\decompile_helper.hpp">
      <Filter>Headerdateien</Filter>
    </ClInclude>
    <ClInclude Include="dependencies\Luau\Ast\include\Luau\Allocator.h">
      <Filter>Headerdateien</Filter>
    </ClInclude>
    <ClInclude Include="dependencies\Luau\Ast\include\Luau\Ast.h">
      <Filter>Headerdateien</Filter>
    </ClInclude>
    <ClInclude Include="dependencies\Luau\Ast\include\Luau\Confusables.h">
      <Filter>Headerdateien</Filter>
    </ClInclude>
    <ClInclude Include="dependencies\Luau\Ast\include\Luau\Cst.h">
      <Filter>Headerdateien</Filter>
    </ClInclude>
    <ClInclude Include="dependencies\Luau\Ast\include\Luau\Lexer.h">
      <Filter>Headerdateien</Filter>
    </ClInclude>
    <ClInclude Include="dependencies\Luau\Ast\include\Luau\Location.h">
      <Filter>Headerdateien</Filter>
    </ClInclude>
    <ClInclude Include="dependencies\Luau\Ast\include\Luau\ParseOptions.h">
      <Filter>Headerdateien</Filter>
    </ClInclude>
    <ClInclude Include="dependencies\Luau\Ast\include\Luau\Parser.h">
      <Filter>Headerdateien</Filter>
    </ClInclude>
    <ClInclude Include="dependencies\Luau\Ast\include\Luau\ParseResult.h">
      <Filter>Headerdateien</Filter>
    </ClInclude>
    <ClInclude Include="dependencies\Luau\Ast\include\Luau\PrettyPrinter.h">
      <Filter>Headerdateien</Filter>
    </ClInclude>
    <ClInclude Include="dependencies\Luau\Common\include\Luau\Bytecode.h">
      <Filter>Headerdateien</Filter>
    </ClInclude>
    <ClInclude Include="dependencies\Luau\Common\include\Luau\BytecodeUtils.h">
      <Filter>Headerdateien</Filter>
    </ClInclude>
    <ClInclude Include="dependencies\Luau\Common\include\Luau\Common.h">
      <Filter>Headerdateien</Filter>
    </ClInclude>
    <ClInclude Include="dependencies\Luau\Common\include\Luau\DenseHash.h">
      <Filter>Headerdateien</Filter>
    </ClInclude>
    <ClInclude Include="dependencies\Luau\Common\include\Luau\ExperimentalFlags.h">
      <Filter>Headerdateien</Filter>
    </ClInclude>
    <ClInclude Include="dependencies\Luau\Common\include\Luau\HashUtil.h">
      <Filter>Headerdateien</Filter>
    </ClInclude>
    <ClInclude Include="dependencies\Luau\Common\include\Luau\ScopedSeenSet.h">
      <Filter>Headerdateien</Filter>
    </ClInclude>
    <ClInclude Include="dependencies\Luau\Common\include\Luau\SmallVector.h">
      <Filter>Headerdateien</Filter>
    </ClInclude>
    <ClInclude Include="dependencies\Luau\Common\include\Luau\StringUtils.h">
      <Filter>Headerdateien</Filter>
    </ClInclude>
    <ClInclude Include="dependencies\Luau\Common\include\Luau\TimeTrace.h">
      <Filter>Headerdateien</Filter>
    </ClInclude>
    <ClInclude Include="dependencies\Luau\Common\include\Luau\Variant.h">
      <Filter>Headerdateien</Filter>
    </ClInclude>
    <ClInclude Include="dependencies\Luau\Common\include\Luau\VecDeque.h">
      <Filter>Headerdateien</Filter>
    </ClInclude>
    <ClInclude Include="dependencies\Luau\Compiler\include\Luau\BytecodeBuilder.h">
      <Filter>Headerdateien</Filter>
    </ClInclude>
    <ClInclude Include="dependencies\Luau\Compiler\include\Luau\Compiler.h">
      <Filter>Headerdateien</Filter>
    </ClInclude>
    <ClInclude Include="dependencies\Luau\Compiler\include\luacode.h">
      <Filter>Headerdateien</Filter>
    </ClInclude>
    <ClInclude Include="dependencies\Luau\Compiler\src\BuiltinFolding.h">
      <Filter>Headerdateien</Filter>
    </ClInclude>
    <ClInclude Include="dependencies\Luau\Compiler\src\Builtins.h">
      <Filter>Headerdateien</Filter>
    </ClInclude>
    <ClInclude Include="dependencies\Luau\Compiler\src\ConstantFolding.h">
      <Filter>Headerdateien</Filter>
    </ClInclude>
    <ClInclude Include="dependencies\Luau\Compiler\src\CostModel.h">
      <Filter>Headerdateien</Filter>
    </ClInclude>
    <ClInclude Include="dependencies\Luau\Compiler\src\TableShape.h">
      <Filter>Headerdateien</Filter>
    </ClInclude>
    <ClInclude Include="dependencies\Luau\Compiler\src\Types.h">
      <Filter>Headerdateien</Filter>
    </ClInclude>
    <ClInclude Include="dependencies\Luau\Compiler\src\Utils.h">
      <Filter>Headerdateien</Filter>
    </ClInclude>
    <ClInclude Include="dependencies\Luau\Compiler\src\ValueTracking.h">
      <Filter>Headerdateien</Filter>
    </ClInclude>
    <ClInclude Include="dependencies\Luau\VM\include\lua.h">
      <Filter>Headerdateien</Filter>
    </ClInclude>
    <ClInclude Include="dependencies\Luau\VM\include\luaconf.h">
      <Filter>Headerdateien</Filter>
    </ClInclude>
    <ClInclude Include="dependencies\Luau\VM\include\lualib.h">
      <Filter>Headerdateien</Filter>
    </ClInclude>
    <ClInclude Include="dependencies\Luau\VM\src\lapi.h">
      <Filter>Headerdateien</Filter>
    </ClInclude>
    <ClInclude Include="dependencies\Luau\VM\src\lbuffer.h">
      <Filter>Headerdateien</Filter>
    </ClInclude>
    <ClInclude Include="dependencies\Luau\VM\src\lbuiltins.h">
      <Filter>Headerdateien</Filter>
    </ClInclude>
    <ClInclude Include="dependencies\Luau\VM\src\lbytecode.h">
      <Filter>Headerdateien</Filter>
    </ClInclude>
    <ClInclude Include="dependencies\Luau\VM\src\lcommon.h">
      <Filter>Headerdateien</Filter>
    </ClInclude>
    <ClInclude Include="dependencies\Luau\VM\src\ldebug.h">
      <Filter>Headerdateien</Filter>
    </ClInclude>
    <ClInclude Include="dependencies\Luau\VM\src\ldo.h">
      <Filter>Headerdateien</Filter>
    </ClInclude>
    <ClInclude Include="dependencies\Luau\VM\src\lfunc.h">
      <Filter>Headerdateien</Filter>
    </ClInclude>
    <ClInclude Include="dependencies\Luau\VM\src\lgc.h">
      <Filter>Headerdateien</Filter>
    </ClInclude>
    <ClInclude Include="dependencies\Luau\VM\src\lmem.h">
      <Filter>Headerdateien</Filter>
    </ClInclude>
    <ClInclude Include="dependencies\Luau\VM\src\lnumutils.h">
      <Filter>Headerdateien</Filter>
    </ClInclude>
    <ClInclude Include="dependencies\Luau\VM\src\lobject.h">
      <Filter>Headerdateien</Filter>
    </ClInclude>
    <ClInclude Include="dependencies\Luau\VM\src\lstate.h">
      <Filter>Headerdateien</Filter>
    </ClInclude>
    <ClInclude Include="dependencies\Luau\VM\src\lstring.h">
      <Filter>Headerdateien</Filter>
    </ClInclude>
    <ClInclude Include="dependencies\Luau\VM\src\ltable.h">
      <Filter>Headerdateien</Filter>
    </ClInclude>
    <ClInclude Include="dependencies\Luau\VM\src\ltm.h">
      <Filter>Headerdateien</Filter>
    </ClInclude>
    <ClInclude Include="dependencies\Luau\VM\src\ludata.h">
      <Filter>Headerdateien</Filter>
    </ClInclude>
    <ClInclude Include="dependencies\Luau\VM\src\lvm.h">
      <Filter>Headerdateien</Filter>
    </ClInclude>
  </ItemGroup>
  <ItemGroup>
    <Library Include="dependencies\cpr\lib\cpr.lib" />
    <Library Include="dependencies\curl\lib\libcurl_release.lib" />
  </ItemGroup>
</Project>